
Microsoft Visual Studio Solution File, Format Version 12.00
# Visual Studio Version 16
VisualStudioVersion = 16.0.30717.126
MinimumVisualStudioVersion = 10.0.40219.1
Project("{FAE04EC0-301F-11D3-BF4B-00C04F79EFBC}") = "DELTA - Ballin Out Web Application", "DELTA - Ballin Out Web Application\DELTA - Ballin Out Web Application.csproj", "{0B13DB80-F8C2-40E5-AD10-870C03E3FCA2}"
EndProject
Global
	GlobalSection(SolutionConfigurationPlatforms) = preSolution
		Debug|Any CPU = Debug|Any CPU
		Release|Any CPU = Release|Any CPU
	EndGlobalSection
	GlobalSection(ProjectConfigurationPlatforms) = postSolution
		{0B13DB80-F8C2-40E5-AD10-870C03E3FCA2}.Debug|Any CPU.ActiveCfg = Debug|Any CPU
		{0B13DB80-F8C2-40E5-AD10-870C03E3FCA2}.Debug|Any CPU.Build.0 = Debug|Any CPU
		{0B13DB80-F8C2-40E5-AD10-870C03E3FCA2}.Release|Any CPU.ActiveCfg = Release|Any CPU
		{0B13DB80-F8C2-40E5-AD10-870C03E3FCA2}.Release|Any CPU.Build.0 = Release|Any CPU
	EndGlobalSection
	GlobalSection(SolutionProperties) = preSolution
		HideSolutionNode = FALSE
	EndGlobalSection
	GlobalSection(ExtensibilityGlobals) = postSolution
		SolutionGuid = {94B80810-4360-4968-9AB6-6C50135A52F4}
	EndGlobalSection
EndGlobal
